PODS:
  - AFWebViewController (1.3):
    - ARChromeActivity (~> 1.0.4)
    - TUSafariActivity (~> 1.0.4)
  - AGEmojiKeyboard (0.2.1)
  - ARChromeActivity (1.0.6)
  - boost (1.68.0.1)
  - CocoaLumberjack (2.4.0):
    - CocoaLumberjack/Default (= 2.4.0)
    - CocoaLumberjack/Extensions (= 2.4.0)
  - CocoaLumberjack/Core (2.4.0)
  - CocoaLumberjack/Default (2.4.0):
    - CocoaLumberjack/Core
  - CocoaLumberjack/Extensions (2.4.0):
    - CocoaLumberjack/Default
  - GCDWebServer/CocoaLumberjack (3.3.3):
    - CocoaLumberjack (~> 2)
    - GCDWebServer/Core
  - GCDWebServer/Core (3.3.3)
  - GCDWebServer/WebUploader/CocoaLumberjack (3.3.3):
    - GCDWebServer/CocoaLumberjack
    - GCDWebServer/WebUploader/Core
  - GCDWebServer/WebUploader/Core (3.3.3):
    - GCDWebServer/Core
  - InAppSettingsKit (2.8)
  - librime (1.5.3):
    - boost
  - Masonry (1.0.2)
  - MJRefresh (3.1.17)
  - Reachability (3.3.2)
  - SVProgressHUD (1.1.3)
  - TUSafariActivity (1.0.4)
  - "UIAlertView+Blocks (0.9)"
  - UMengAnalytics (4.1.10)
  - ZipArchive (1.4.0)

DEPENDENCIES:
  - AFWebViewController (~> 1.0)
  - AGEmojiKeyboard (~> 0.2.0)
  - GCDWebServer/WebUploader/CocoaLumberjack (~> 3.3.3)
  - InAppSettingsKit (= 2.8)
  - librime (from `../librime`)
  - Masonry (~> 1.0.1)
  - MJRefresh (~> 3.1.12)
  - Reachability (~> 3.2)
  - SVProgressHUD (~> 1.1.2)
  - "UIAlertView+Blocks (~> 0.9)"
  - UMengAnalytics (~> 4.1.0)
  - ZipArchive (~> 1.4.0)

SPEC REPOS:
  http://git.beibei.com.cn/Pods/Specs-BaseFramework.git:
    - boost
    - Reachability
  https://github.com/cocoapods/specs.git:
    - AFWebViewController
    - AGEmojiKeyboard
    - ARChromeActivity
    - CocoaLumberjack
    - GCDWebServer
    - InAppSettingsKit
    - Masonry
    - MJRefresh
    - SVProgressHUD
    - TUSafariActivity
    - "UIAlertView+Blocks"
    - UMengAnalytics
    - ZipArchive

EXTERNAL SOURCES:
  librime:
    :path: "../librime"

SPEC CHECKSUMS:
  AFWebViewController: 3cee572a8e043f3ca7c5b5906dac149cb740ed1f
  AGEmojiKeyboard: d5a01a4b0de30e1f1c2a121503ac36a79c7217ab
  ARChromeActivity: 5dcf9b9f09323761f992aff3525cdd777f83609d
  boost: 73b4edc431be9b1f42861586da0e292e4419ca77
  CocoaLumberjack: aa9dcab71bdf9eaf2a63bbd9ddc87863efe45457
  GCDWebServer: 1c39a1f0763e4eb492bee021e4270fce097d3555
  InAppSettingsKit: fe3e73f8f9530cdd6270065cd7df7b3773f557e6
  librime: 0cb34f1b8c6d149d109fbdcb20615fe3ffbfd9c3
  Masonry: 7c429b56da9d4ee0bbb3ed77a5ea710d6a5df39e
  MJRefresh: ee5b68f639775462faba4db0fd243baf4d42c2cf
  Reachability: f4de4b0d6ce9dc6814330b38e0b72a3c580126f5
  SVProgressHUD: 748080e4f36e603f6c02aec292664239df5279c1
  TUSafariActivity: afc55a00965377939107ce4fdc7f951f62454546
  "UIAlertView+Blocks": a46c99c5144f6c5dbc7d62fd2a0678daceec89a3
  UMengAnalytics: 40585031b7eb085534c68a951b394731e7166257
  ZipArchive: e25a4373192673e3229ac8d6e9f64a3e5713c966

PODFILE CHECKSUM: 1aa6db970705bde8dfbc15c58e6290d4935e6979

COCOAPODS: 1.5.3
